
Microsoft Visual Studio Solution File, Format Version 12.00
# Visual Studio 2012
Project("{FAE04EC0-301F-11D3-BF4B-00C04F79EFBC}") = "BlyncN", "BlyncLight\BlyncN.csproj", "{192DF3D3-8CB2-45F2-9874-4E046E7A7B6F}"
EndProject
Project("{FAE04EC0-301F-11D3-BF4B-00C04F79EFBC}") = "BlinkNotes", "BlinkNotes\BlinkNotes.csproj", "{7010CE29-59C1-4640-8705-CC9444229AF7}"
EndProject
Project("{2150E333-8FDC-42A3-9474-1A3956D46DE8}") = "Solution Items", "Solution Items", "{5D27944F-F992-4C68-B255-80B989A631D4}"
	ProjectSection(SolutionItems) = preProject
		LICENSE = LICENSE
		README.md = README.md
	EndProjectSection
EndProject
Global
	GlobalSection(SolutionConfigurationPlatforms) = preSolution
		Debug|Any CPU = Debug|Any CPU
		Release|Any CPU = Release|Any CPU
	EndGlobalSection
	GlobalSection(ProjectConfigurationPlatforms) = postSolution
		{192DF3D3-8CB2-45F2-9874-4E046E7A7B6F}.Debug|Any CPU.ActiveCfg = Debug|Any CPU
		{192DF3D3-8CB2-45F2-9874-4E046E7A7B6F}.Debug|Any CPU.Build.0 = Debug|Any CPU
		{192DF3D3-8CB2-45F2-9874-4E046E7A7B6F}.Release|Any CPU.ActiveCfg = Release|Any CPU
		{192DF3D3-8CB2-45F2-9874-4E046E7A7B6F}.Release|Any CPU.Build.0 = Release|Any CPU
		{7010CE29-59C1-4640-8705-CC9444229AF7}.Debug|Any CPU.ActiveCfg = Debug|Any CPU
		{7010CE29-59C1-4640-8705-CC9444229AF7}.Debug|Any CPU.Build.0 = Debug|Any CPU
		{7010CE29-59C1-4640-8705-CC9444229AF7}.Release|Any CPU.ActiveCfg = Release|Any CPU
		{7010CE29-59C1-4640-8705-CC9444229AF7}.Release|Any CPU.Build.0 = Release|Any CPU
	EndGlobalSection
	GlobalSection(SolutionProperties) = preSolution
		HideSolutionNode = FALSE
	EndGlobalSection
EndGlobal
